Microsoft Visual Studio Solution File, Format Version 12.00
# Visual Studio Version 17
VisualStudioVersion = 17.5.2.0
MinimumVisualStudioVersion = 10.0.40219.1
Project("{FAE04EC0-301F-11D3-BF4B-00C04F79EFBC}") = "Abstract", "Abstract\Abstract.csproj", "{F074C872-0B0E-F6EE-F832-52AB81AAC509}"
EndProject
Project("{FAE04EC0-301F-11D3-BF4B-00C04F79EFBC}") = "Array", "Array\Array.csproj", "{2BD1D60D-3A5D-D012-068D-B8B5E79F8D0E}"
EndProject
Project("{FAE04EC0-301F-11D3-BF4B-00C04F79EFBC}") = "BFSDFS", "BFSDFS\BFSDFS.csproj", "{A562BFF9-EB0A-6291-F96D-16A2055121C1}"
EndProject
Project("{FAE04EC0-301F-11D3-BF4B-00C04F79EFBC}") = "CheckScore", "CheckScore\CheckScore.csproj", "{1DE3D388-8C02-DC77-8EDF-DD1B149D05E6}"
EndProject
Project("{FAE04EC0-301F-11D3-BF4B-00C04F79EFBC}") = "Class", "Class\Class.csproj", "{A815EA51-E8B5-B21D-27AA-38F40FF27D8E}"
EndProject
Project("{FAE04EC0-301F-11D3-BF4B-00C04F79EFBC}") = "Constructor", "Constructor\Constructor.csproj", "{0E40EB0F-25AF-3689-6C3A-42DCF51CB1DE}"
EndProject
Project("{FAE04EC0-301F-11D3-BF4B-00C04F79EFBC}") = "Conversion", "Conversion\Conversion.csproj", "{68559D35-3D1C-F389-BD42-E878FCCFE2CC}"
EndProject
Project("{FAE04EC0-301F-11D3-BF4B-00C04F79EFBC}") = "CSharpMethod", "CSharpMethod\CSharpMethod.csproj", "{B11C4B90-45EA-77D3-11A3-00EC116FD39A}"
EndProject
Project("{FAE04EC0-301F-11D3-BF4B-00C04F79EFBC}") = "Delegate", "Delegate\Delegate.csproj", "{26EAC5AA-2275-C49A-406B-24663DFA17CF}"
EndProject
Project("{FAE04EC0-301F-11D3-BF4B-00C04F79EFBC}") = "DelegateApplication", "DelegateApplication\DelegateApplication.csproj", "{21ECF19B-D3AD-B76C-8C62-D1C908F77171}"
EndProject
Project("{FAE04EC0-301F-11D3-BF4B-00C04F79EFBC}") = "Delegate_2", "Delegate_2\Delegate_2.csproj", "{83701B7C-E90D-B4BF-2066-8734EA9BFA51}"
EndProject
Project("{FAE04EC0-301F-11D3-BF4B-00C04F79EFBC}") = "Delegate_3", "Delegate_3\Delegate_3.csproj", "{8374B99F-CFE3-BA7E-4008-1D6BDA4949D2}"
EndProject
Project("{FAE04EC0-301F-11D3-BF4B-00C04F79EFBC}") = "Delegate_4", "Delegate_4\Delegate_4.csproj", "{BB136770-7BC3-5D5B-9E04-37926FBEE810}"
EndProject
Project("{FAE04EC0-301F-11D3-BF4B-00C04F79EFBC}") = "Dependency", "Dependency\Dependency.csproj", "{66966F42-BC1D-FF87-8F9F-2F7F35381E9C}"
EndProject
Project("{FAE04EC0-301F-11D3-BF4B-00C04F79EFBC}") = "Dictionary", "Dictionary\Dictionary.csproj", "{76896C48-B58E-E7AA-7326-109476DAC484}"
EndProject
Project("{FAE04EC0-301F-11D3-BF4B-00C04F79EFBC}") = "Enumerate", "Enumerate\Enumerate.csproj", "{43531B96-C2B2-5980-EC3F-F9CE825B7DB8}"
EndProject
Project("{FAE04EC0-301F-11D3-BF4B-00C04F79EFBC}") = "EventExample", "EventExample\EventExample.csproj", "{32365D64-47D8-E32C-B544-BF51AE45F719}"
EndProject
Project("{FAE04EC0-301F-11D3-BF4B-00C04F79EFBC}") = "ExtensionMethod", "ExtensionMethod\ExtensionMethod.csproj", "{32B55A96-253B-A6DA-D77C-D515282C344D}"
EndProject
Project("{FAE04EC0-301F-11D3-BF4B-00C04F79EFBC}") = "Generic_1", "Generic_1\Generic_1.csproj", "{F01E1F14-C0AF-E32B-A885-E248B679690E}"
EndProject
Project("{FAE04EC0-301F-11D3-BF4B-00C04F79EFBC}") = "Generic_2", "Generic_2\Generic_2.csproj", "{D9CBAA6C-7358-A852-7DF8-3EDAFF3A6E91}"
EndProject
Project("{FAE04EC0-301F-11D3-BF4B-00C04F79EFBC}") = "Generic_3", "Generic_3\Generic_3.csproj", "{5FE86416-8250-C320-FA0B-2052B319D1A4}"
EndProject
Project("{FAE04EC0-301F-11D3-BF4B-00C04F79EFBC}") = "Generic_4", "Generic_4\Generic_4.csproj", "{ACA1FED1-5F3C-6105-6FE9-F046128B1829}"
EndProject
Project("{FAE04EC0-301F-11D3-BF4B-00C04F79EFBC}") = "Generic_5", "Generic_5\Generic_5.csproj", "{28265294-70F6-CA7D-D4DE-9D58CFC39E69}"
EndProject
Project("{FAE04EC0-301F-11D3-BF4B-00C04F79EFBC}") = "Generic_List_1", "Generic_List_1\Generic_List_1.csproj", "{2C96B8E6-4C89-F6CE-E953-8569ECCBCCAA}"
EndProject
Project("{FAE04EC0-301F-11D3-BF4B-00C04F79EFBC}") = "Generic_List_2", "Generic_List_2\Generic_List_2.csproj", "{D33757C3-5E52-FD8D-652B-BE8805BABD3B}"
EndProject
Project("{FAE04EC0-301F-11D3-BF4B-00C04F79EFBC}") = "Generic_List_3", "Generic_List_3\Generic_List_3.csproj", "{6702094A-3325-E80B-3195-B9DCB2BBC953}"
EndProject
Project("{FAE04EC0-301F-11D3-BF4B-00C04F79EFBC}") = "Generic_List_4", "Generic_List_4\Generic_List_4.csproj", "{9984C4F4-BF9E-3778-D349-24A10786C7F2}"
EndProject
Project("{FAE04EC0-301F-11D3-BF4B-00C04F79EFBC}") = "Guess100", "Guess100\Guess100.csproj", "{51AEC099-166A-1AF8-04C6-096294C70D82}"
EndProject
Project("{FAE04EC0-301F-11D3-BF4B-00C04F79EFBC}") = "GuessNumber", "GuessNumber\GuessNumber.csproj", "{2885961D-55D3-7668-9B48-BC70AF82F94F}"
EndProject
Project("{FAE04EC0-301F-11D3-BF4B-00C04F79EFBC}") = "HelloWorld", "HelloWorld\HelloWorld.csproj", "{3A798C92-DA22-B784-11D5-249F2DEA19E6}"
EndProject
Project("{FAE04EC0-301F-11D3-BF4B-00C04F79EFBC}") = "Inheritance", "Inheritance\Inheritance.csproj", "{635B7262-C5FA-7CC6-1A18-D61D1D53B063}"
EndProject
Project("{FAE04EC0-301F-11D3-BF4B-00C04F79EFBC}") = "Interface_1", "Interface_1\Interface_1.csproj", "{A0797C2F-3C4E-A7BD-4C8F-1210764D6E02}"
EndProject
Project("{FAE04EC0-301F-11D3-BF4B-00C04F79EFBC}") = "Interface_2", "Interface_2\Interface_2.csproj", "{5B7BE179-3508-8389-8FE0-7FB7126EDAE6}"
EndProject
Project("{FAE04EC0-301F-11D3-BF4B-00C04F79EFBC}") = "Interface_3", "Interface_3\Interface_3.csproj", "{47C0E2BB-B4F4-4045-2DF1-C9A5B19839B1}"
EndProject
Project("{FAE04EC0-301F-11D3-BF4B-00C04F79EFBC}") = "Interface_4", "Interface_4\Interface_4.csproj", "{7E9F40BB-4D16-FE37-1FB0-ED8AE64527EA}"
EndProject
Project("{FAE04EC0-301F-11D3-BF4B-00C04F79EFBC}") = "Interface_5", "Interface_5\Interface_5.csproj", "{8F9084D9-7917-65F9-A9AF-C954529F7007}"
EndProject
Project("{FAE04EC0-301F-11D3-BF4B-00C04F79EFBC}") = "Lambda", "Lambda\Lambda.csproj", "{261AB161-4908-38E4-5046-0BF3FE64C34F}"
EndProject
Project("{FAE04EC0-301F-11D3-BF4B-00C04F79EFBC}") = "Multicast", "Multicast\Multicast.csproj", "{6CBE4F88-1455-A5DF-5FAF-417A6C99345F}"
EndProject
Project("{FAE04EC0-301F-11D3-BF4B-00C04F79EFBC}") = "Operator", "Operator\Operator.csproj", "{7822DAA1-DA44-CCB8-902C-1AF8798E0C2C}"
EndProject
Project("{FAE04EC0-301F-11D3-BF4B-00C04F79EFBC}") = "Overload", "Overload\Overload.csproj", "{02180DC2-6A21-3BA5-7A5D-697865F6C83E}"
EndProject
Project("{FAE04EC0-301F-11D3-BF4B-00C04F79EFBC}") = "Override", "Override\Override.csproj", "{F71A73CF-EA1A-0E83-CA32-A150DBFD29B3}"
EndProject
Project("{FAE04EC0-301F-11D3-BF4B-00C04F79EFBC}") = "Parameters_1", "Parameters_1\Parameters_1.csproj", "{616E42EA-975E-0D5D-B0E3-81B1DAF4639A}"
EndProject
Project("{FAE04EC0-301F-11D3-BF4B-00C04F79EFBC}") = "Parameters_2", "Parameters_2\Parameters_2.csproj", "{62B0A9BA-8EF3-B910-7678-D7CFCA442DCC}"
EndProject
Project("{FAE04EC0-301F-11D3-BF4B-00C04F79EFBC}") = "Parameters_3", "Parameters_3\Parameters_3.csproj", "{2A9239D8-E6F2-8078-F451-80A10520C325}"
EndProject
Project("{FAE04EC0-301F-11D3-BF4B-00C04F79EFBC}") = "Program", "Program\Program.csproj", "{65B79B6F-C561-E134-A46F-E7F910EF4039}"
EndProject
Project("{FAE04EC0-301F-11D3-BF4B-00C04F79EFBC}") = "Reflection", "Reflection\Reflection.csproj", "{3335DB1C-F23D-5D0D-F244-C7ECF990E58D}"
EndProject
Project("{FAE04EC0-301F-11D3-BF4B-00C04F79EFBC}") = "Structure", "Structure\Structure.csproj", "{6BD295DB-3E17-BB28-EACA-2AB6CA4BD369}"
EndProject
Project("{FAE04EC0-301F-11D3-BF4B-00C04F79EFBC}") = "Try", "Try\Try.csproj", "{91AF9607-EB02-B890-672B-349721F48284}"
EndProject
Project("{FAE04EC0-301F-11D3-BF4B-00C04F79EFBC}") = "UnitTest", "UnitTest\UnitTest.csproj", "{E6F190E7-B675-6E01-F209-BD476091BC92}"
EndProject
Global
	GlobalSection(SolutionConfigurationPlatforms) = preSolution
		Debug|Any CPU = Debug|Any CPU
		Release|Any CPU = Release|Any CPU
	EndGlobalSection
	GlobalSection(ProjectConfigurationPlatforms) = postSolution
		{F074C872-0B0E-F6EE-F832-52AB81AAC509}.Debug|Any CPU.ActiveCfg = Debug|Any CPU
		{F074C872-0B0E-F6EE-F832-52AB81AAC509}.Debug|Any CPU.Build.0 = Debug|Any CPU
		{F074C872-0B0E-F6EE-F832-52AB81AAC509}.Release|Any CPU.ActiveCfg = Release|Any CPU
		{F074C872-0B0E-F6EE-F832-52AB81AAC509}.Release|Any CPU.Build.0 = Release|Any CPU
		{2BD1D60D-3A5D-D012-068D-B8B5E79F8D0E}.Debug|Any CPU.ActiveCfg = Debug|Any CPU
		{2BD1D60D-3A5D-D012-068D-B8B5E79F8D0E}.Debug|Any CPU.Build.0 = Debug|Any CPU
		{2BD1D60D-3A5D-D012-068D-B8B5E79F8D0E}.Release|Any CPU.ActiveCfg = Release|Any CPU
		{2BD1D60D-3A5D-D012-068D-B8B5E79F8D0E}.Release|Any CPU.Build.0 = Release|Any CPU
		{A562BFF9-EB0A-6291-F96D-16A2055121C1}.Debug|Any CPU.ActiveCfg = Debug|Any CPU
		{A562BFF9-EB0A-6291-F96D-16A2055121C1}.Debug|Any CPU.Build.0 = Debug|Any CPU
		{A562BFF9-EB0A-6291-F96D-16A2055121C1}.Release|Any CPU.ActiveCfg = Release|Any CPU
		{A562BFF9-EB0A-6291-F96D-16A2055121C1}.Release|Any CPU.Build.0 = Release|Any CPU
		{1DE3D388-8C02-DC77-8EDF-DD1B149D05E6}.Debug|Any CPU.ActiveCfg = Debug|Any CPU
		{1DE3D388-8C02-DC77-8EDF-DD1B149D05E6}.Debug|Any CPU.Build.0 = Debug|Any CPU
		{1DE3D388-8C02-DC77-8EDF-DD1B149D05E6}.Release|Any CPU.ActiveCfg = Release|Any CPU
		{1DE3D388-8C02-DC77-8EDF-DD1B149D05E6}.Release|Any CPU.Build.0 = Release|Any CPU
		{A815EA51-E8B5-B21D-27AA-38F40FF27D8E}.Debug|Any CPU.ActiveCfg = Debug|Any CPU
		{A815EA51-E8B5-B21D-27AA-38F40FF27D8E}.Debug|Any CPU.Build.0 = Debug|Any CPU
		{A815EA51-E8B5-B21D-27AA-38F40FF27D8E}.Release|Any CPU.ActiveCfg = Release|Any CPU
		{A815EA51-E8B5-B21D-27AA-38F40FF27D8E}.Release|Any CPU.Build.0 = Release|Any CPU
		{0E40EB0F-25AF-3689-6C3A-42DCF51CB1DE}.Debug|Any CPU.ActiveCfg = Debug|Any CPU
		{0E40EB0F-25AF-3689-6C3A-42DCF51CB1DE}.Debug|Any CPU.Build.0 = Debug|Any CPU
		{0E40EB0F-25AF-3689-6C3A-42DCF51CB1DE}.Release|Any CPU.ActiveCfg = Release|Any CPU
		{0E40EB0F-25AF-3689-6C3A-42DCF51CB1DE}.Release|Any CPU.Build.0 = Release|Any CPU
		{68559D35-3D1C-F389-BD42-E878FCCFE2CC}.Debug|Any CPU.ActiveCfg = Debug|Any CPU
		{68559D35-3D1C-F389-BD42-E878FCCFE2CC}.Debug|Any CPU.Build.0 = Debug|Any CPU
		{68559D35-3D1C-F389-BD42-E878FCCFE2CC}.Release|Any CPU.ActiveCfg = Release|Any CPU
		{68559D35-3D1C-F389-BD42-E878FCCFE2CC}.Release|Any CPU.Build.0 = Release|Any CPU
		{B11C4B90-45EA-77D3-11A3-00EC116FD39A}.Debug|Any CPU.ActiveCfg = Debug|Any CPU
		{B11C4B90-45EA-77D3-11A3-00EC116FD39A}.Debug|Any CPU.Build.0 = Debug|Any CPU
		{B11C4B90-45EA-77D3-11A3-00EC116FD39A}.Release|Any CPU.ActiveCfg = Release|Any CPU
		{B11C4B90-45EA-77D3-11A3-00EC116FD39A}.Release|Any CPU.Build.0 = Release|Any CPU
		{26EAC5AA-2275-C49A-406B-24663DFA17CF}.Debug|Any CPU.ActiveCfg = Debug|Any CPU
		{26EAC5AA-2275-C49A-406B-24663DFA17CF}.Debug|Any CPU.Build.0 = Debug|Any CPU
		{26EAC5AA-2275-C49A-406B-24663DFA17CF}.Release|Any CPU.ActiveCfg = Release|Any CPU
		{26EAC5AA-2275-C49A-406B-24663DFA17CF}.Release|Any CPU.Build.0 = Release|Any CPU
		{21ECF19B-D3AD-B76C-8C62-D1C908F77171}.Debug|Any CPU.ActiveCfg = Debug|Any CPU
		{21ECF19B-D3AD-B76C-8C62-D1C908F77171}.Debug|Any CPU.Build.0 = Debug|Any CPU
		{21ECF19B-D3AD-B76C-8C62-D1C908F77171}.Release|Any CPU.ActiveCfg = Release|Any CPU
		{21ECF19B-D3AD-B76C-8C62-D1C908F77171}.Release|Any CPU.Build.0 = Release|Any CPU
		{83701B7C-E90D-B4BF-2066-8734EA9BFA51}.Debug|Any CPU.ActiveCfg = Debug|Any CPU
		{83701B7C-E90D-B4BF-2066-8734EA9BFA51}.Debug|Any CPU.Build.0 = Debug|Any CPU
		{83701B7C-E90D-B4BF-2066-8734EA9BFA51}.Release|Any CPU.ActiveCfg = Release|Any CPU
		{83701B7C-E90D-B4BF-2066-8734EA9BFA51}.Release|Any CPU.Build.0 = Release|Any CPU
		{8374B99F-CFE3-BA7E-4008-1D6BDA4949D2}.Debug|Any CPU.ActiveCfg = Debug|Any CPU
		{8374B99F-CFE3-BA7E-4008-1D6BDA4949D2}.Debug|Any CPU.Build.0 = Debug|Any CPU
		{8374B99F-CFE3-BA7E-4008-1D6BDA4949D2}.Release|Any CPU.ActiveCfg = Release|Any CPU
		{8374B99F-CFE3-BA7E-4008-1D6BDA4949D2}.Release|Any CPU.Build.0 = Release|Any CPU
		{BB136770-7BC3-5D5B-9E04-37926FBEE810}.Debug|Any CPU.ActiveCfg = Debug|Any CPU
		{BB136770-7BC3-5D5B-9E04-37926FBEE810}.Debug|Any CPU.Build.0 = Debug|Any CPU
		{BB136770-7BC3-5D5B-9E04-37926FBEE810}.Release|Any CPU.ActiveCfg = Release|Any CPU
		{BB136770-7BC3-5D5B-9E04-37926FBEE810}.Release|Any CPU.Build.0 = Release|Any CPU
		{66966F42-BC1D-FF87-8F9F-2F7F35381E9C}.Debug|Any CPU.ActiveCfg = Debug|Any CPU
		{66966F42-BC1D-FF87-8F9F-2F7F35381E9C}.Debug|Any CPU.Build.0 = Debug|Any CPU
		{66966F42-BC1D-FF87-8F9F-2F7F35381E9C}.Release|Any CPU.ActiveCfg = Release|Any CPU
		{66966F42-BC1D-FF87-8F9F-2F7F35381E9C}.Release|Any CPU.Build.0 = Release|Any CPU
		{76896C48-B58E-E7AA-7326-109476DAC484}.Debug|Any CPU.ActiveCfg = Debug|Any CPU
		{76896C48-B58E-E7AA-7326-109476DAC484}.Debug|Any CPU.Build.0 = Debug|Any CPU
		{76896C48-B58E-E7AA-7326-109476DAC484}.Release|Any CPU.ActiveCfg = Release|Any CPU
		{76896C48-B58E-E7AA-7326-109476DAC484}.Release|Any CPU.Build.0 = Release|Any CPU
		{43531B96-C2B2-5980-EC3F-F9CE825B7DB8}.Debug|Any CPU.ActiveCfg = Debug|Any CPU
		{43531B96-C2B2-5980-EC3F-F9CE825B7DB8}.Debug|Any CPU.Build.0 = Debug|Any CPU
		{43531B96-C2B2-5980-EC3F-F9CE825B7DB8}.Release|Any CPU.ActiveCfg = Release|Any CPU
		{43531B96-C2B2-5980-EC3F-F9CE825B7DB8}.Release|Any CPU.Build.0 = Release|Any CPU
		{32365D64-47D8-E32C-B544-BF51AE45F719}.Debug|Any CPU.ActiveCfg = Debug|Any CPU
		{32365D64-47D8-E32C-B544-BF51AE45F719}.Debug|Any CPU.Build.0 = Debug|Any CPU
		{32365D64-47D8-E32C-B544-BF51AE45F719}.Release|Any CPU.ActiveCfg = Release|Any CPU
		{32365D64-47D8-E32C-B544-BF51AE45F719}.Release|Any CPU.Build.0 = Release|Any CPU
		{32B55A96-253B-A6DA-D77C-D515282C344D}.Debug|Any CPU.ActiveCfg = Debug|Any CPU
		{32B55A96-253B-A6DA-D77C-D515282C344D}.Debug|Any CPU.Build.0 = Debug|Any CPU
		{32B55A96-253B-A6DA-D77C-D515282C344D}.Release|Any CPU.ActiveCfg = Release|Any CPU
		{32B55A96-253B-A6DA-D77C-D515282C344D}.Release|Any CPU.Build.0 = Release|Any CPU
		{F01E1F14-C0AF-E32B-A885-E248B679690E}.Debug|Any CPU.ActiveCfg = Debug|Any CPU
		{F01E1F14-C0AF-E32B-A885-E248B679690E}.Debug|Any CPU.Build.0 = Debug|Any CPU
		{F01E1F14-C0AF-E32B-A885-E248B679690E}.Release|Any CPU.ActiveCfg = Release|Any CPU
		{F01E1F14-C0AF-E32B-A885-E248B679690E}.Release|Any CPU.Build.0 = Release|Any CPU
		{D9CBAA6C-7358-A852-7DF8-3EDAFF3A6E91}.Debug|Any CPU.ActiveCfg = Debug|Any CPU
		{D9CBAA6C-7358-A852-7DF8-3EDAFF3A6E91}.Debug|Any CPU.Build.0 = Debug|Any CPU
		{D9CBAA6C-7358-A852-7DF8-3EDAFF3A6E91}.Release|Any CPU.ActiveCfg = Release|Any CPU
		{D9CBAA6C-7358-A852-7DF8-3EDAFF3A6E91}.Release|Any CPU.Build.0 = Release|Any CPU
		{5FE86416-8250-C320-FA0B-2052B319D1A4}.Debug|Any CPU.ActiveCfg = Debug|Any CPU
		{5FE86416-8250-C320-FA0B-2052B319D1A4}.Debug|Any CPU.Build.0 = Debug|Any CPU
		{5FE86416-8250-C320-FA0B-2052B319D1A4}.Release|Any CPU.ActiveCfg = Release|Any CPU
		{5FE86416-8250-C320-FA0B-2052B319D1A4}.Release|Any CPU.Build.0 = Release|Any CPU
		{ACA1FED1-5F3C-6105-6FE9-F046128B1829}.Debug|Any CPU.ActiveCfg = Debug|Any CPU
		{ACA1FED1-5F3C-6105-6FE9-F046128B1829}.Debug|Any CPU.Build.0 = Debug|Any CPU
		{ACA1FED1-5F3C-6105-6FE9-F046128B1829}.Release|Any CPU.ActiveCfg = Release|Any CPU
		{ACA1FED1-5F3C-6105-6FE9-F046128B1829}.Release|Any CPU.Build.0 = Release|Any CPU
		{28265294-70F6-CA7D-D4DE-9D58CFC39E69}.Debug|Any CPU.ActiveCfg = Debug|Any CPU
		{28265294-70F6-CA7D-D4DE-9D58CFC39E69}.Debug|Any CPU.Build.0 = Debug|Any CPU
		{28265294-70F6-CA7D-D4DE-9D58CFC39E69}.Release|Any CPU.ActiveCfg = Release|Any CPU
		{28265294-70F6-CA7D-D4DE-9D58CFC39E69}.Release|Any CPU.Build.0 = Release|Any CPU
		{2C96B8E6-4C89-F6CE-E953-8569ECCBCCAA}.Debug|Any CPU.ActiveCfg = Debug|Any CPU
		{2C96B8E6-4C89-F6CE-E953-8569ECCBCCAA}.Debug|Any CPU.Build.0 = Debug|Any CPU
		{2C96B8E6-4C89-F6CE-E953-8569ECCBCCAA}.Release|Any CPU.ActiveCfg = Release|Any CPU
		{2C96B8E6-4C89-F6CE-E953-8569ECCBCCAA}.Release|Any CPU.Build.0 = Release|Any CPU
		{D33757C3-5E52-FD8D-652B-BE8805BABD3B}.Debug|Any CPU.ActiveCfg = Debug|Any CPU
		{D33757C3-5E52-FD8D-652B-BE8805BABD3B}.Debug|Any CPU.Build.0 = Debug|Any CPU
		{D33757C3-5E52-FD8D-652B-BE8805BABD3B}.Release|Any CPU.ActiveCfg = Release|Any CPU
		{D33757C3-5E52-FD8D-652B-BE8805BABD3B}.Release|Any CPU.Build.0 = Release|Any CPU
		{6702094A-3325-E80B-3195-B9DCB2BBC953}.Debug|Any CPU.ActiveCfg = Debug|Any CPU
		{6702094A-3325-E80B-3195-B9DCB2BBC953}.Debug|Any CPU.Build.0 = Debug|Any CPU
		{6702094A-3325-E80B-3195-B9DCB2BBC953}.Release|Any CPU.ActiveCfg = Release|Any CPU
		{6702094A-3325-E80B-3195-B9DCB2BBC953}.Release|Any CPU.Build.0 = Release|Any CPU
		{9984C4F4-BF9E-3778-D349-24A10786C7F2}.Debug|Any CPU.ActiveCfg = Debug|Any CPU
		{9984C4F4-BF9E-3778-D349-24A10786C7F2}.Debug|Any CPU.Build.0 = Debug|Any CPU
		{9984C4F4-BF9E-3778-D349-24A10786C7F2}.Release|Any CPU.ActiveCfg = Release|Any CPU
		{9984C4F4-BF9E-3778-D349-24A10786C7F2}.Release|Any CPU.Build.0 = Release|Any CPU
		{51AEC099-166A-1AF8-04C6-096294C70D82}.Debug|Any CPU.ActiveCfg = Debug|Any CPU
		{51AEC099-166A-1AF8-04C6-096294C70D82}.Debug|Any CPU.Build.0 = Debug|Any CPU
		{51AEC099-166A-1AF8-04C6-096294C70D82}.Release|Any CPU.ActiveCfg = Release|Any CPU
		{51AEC099-166A-1AF8-04C6-096294C70D82}.Release|Any CPU.Build.0 = Release|Any CPU
		{2885961D-55D3-7668-9B48-BC70AF82F94F}.Debug|Any CPU.ActiveCfg = Debug|Any CPU
		{2885961D-55D3-7668-9B48-BC70AF82F94F}.Debug|Any CPU.Build.0 = Debug|Any CPU
		{2885961D-55D3-7668-9B48-BC70AF82F94F}.Release|Any CPU.ActiveCfg = Release|Any CPU
		{2885961D-55D3-7668-9B48-BC70AF82F94F}.Release|Any CPU.Build.0 = Release|Any CPU
		{3A798C92-DA22-B784-11D5-249F2DEA19E6}.Debug|Any CPU.ActiveCfg = Debug|Any CPU
		{3A798C92-DA22-B784-11D5-249F2DEA19E6}.Debug|Any CPU.Build.0 = Debug|Any CPU
		{3A798C92-DA22-B784-11D5-249F2DEA19E6}.Release|Any CPU.ActiveCfg = Release|Any CPU
		{3A798C92-DA22-B784-11D5-249F2DEA19E6}.Release|Any CPU.Build.0 = Release|Any CPU
		{635B7262-C5FA-7CC6-1A18-D61D1D53B063}.Debug|Any CPU.ActiveCfg = Debug|Any CPU
		{635B7262-C5FA-7CC6-1A18-D61D1D53B063}.Debug|Any CPU.Build.0 = Debug|Any CPU
		{635B7262-C5FA-7CC6-1A18-D61D1D53B063}.Release|Any CPU.ActiveCfg = Release|Any CPU
		{635B7262-C5FA-7CC6-1A18-D61D1D53B063}.Release|Any CPU.Build.0 = Release|Any CPU
		{A0797C2F-3C4E-A7BD-4C8F-1210764D6E02}.Debug|Any CPU.ActiveCfg = Debug|Any CPU
		{A0797C2F-3C4E-A7BD-4C8F-1210764D6E02}.Debug|Any CPU.Build.0 = Debug|Any CPU
		{A0797C2F-3C4E-A7BD-4C8F-1210764D6E02}.Release|Any CPU.ActiveCfg = Release|Any CPU
		{A0797C2F-3C4E-A7BD-4C8F-1210764D6E02}.Release|Any CPU.Build.0 = Release|Any CPU
		{5B7BE179-3508-8389-8FE0-7FB7126EDAE6}.Debug|Any CPU.ActiveCfg = Debug|Any CPU
		{5B7BE179-3508-8389-8FE0-7FB7126EDAE6}.Debug|Any CPU.Build.0 = Debug|Any CPU
		{5B7BE179-3508-8389-8FE0-7FB7126EDAE6}.Release|Any CPU.ActiveCfg = Release|Any CPU
		{5B7BE179-3508-8389-8FE0-7FB7126EDAE6}.Release|Any CPU.Build.0 = Release|Any CPU
		{47C0E2BB-B4F4-4045-2DF1-C9A5B19839B1}.Debug|Any CPU.ActiveCfg = Debug|Any CPU
		{47C0E2BB-B4F4-4045-2DF1-C9A5B19839B1}.Debug|Any CPU.Build.0 = Debug|Any CPU
		{47C0E2BB-B4F4-4045-2DF1-C9A5B19839B1}.Release|Any CPU.ActiveCfg = Release|Any CPU
		{47C0E2BB-B4F4-4045-2DF1-C9A5B19839B1}.Release|Any CPU.Build.0 = Release|Any CPU
		{7E9F40BB-4D16-FE37-1FB0-ED8AE64527EA}.Debug|Any CPU.ActiveCfg = Debug|Any CPU
		{7E9F40BB-4D16-FE37-1FB0-ED8AE64527EA}.Debug|Any CPU.Build.0 = Debug|Any CPU
		{7E9F40BB-4D16-FE37-1FB0-ED8AE64527EA}.Release|Any CPU.ActiveCfg = Release|Any CPU
		{7E9F40BB-4D16-FE37-1FB0-ED8AE64527EA}.Release|Any CPU.Build.0 = Release|Any CPU
		{8F9084D9-7917-65F9-A9AF-C954529F7007}.Debug|Any CPU.ActiveCfg = Debug|Any CPU
		{8F9084D9-7917-65F9-A9AF-C954529F7007}.Debug|Any CPU.Build.0 = Debug|Any CPU
		{8F9084D9-7917-65F9-A9AF-C954529F7007}.Release|Any CPU.ActiveCfg = Release|Any CPU
		{8F9084D9-7917-65F9-A9AF-C954529F7007}.Release|Any CPU.Build.0 = Release|Any CPU
		{261AB161-4908-38E4-5046-0BF3FE64C34F}.Debug|Any CPU.ActiveCfg = Debug|Any CPU
		{261AB161-4908-38E4-5046-0BF3FE64C34F}.Debug|Any CPU.Build.0 = Debug|Any CPU
		{261AB161-4908-38E4-5046-0BF3FE64C34F}.Release|Any CPU.ActiveCfg = Release|Any CPU
		{261AB161-4908-38E4-5046-0BF3FE64C34F}.Release|Any CPU.Build.0 = Release|Any CPU
		{6CBE4F88-1455-A5DF-5FAF-417A6C99345F}.Debug|Any CPU.ActiveCfg = Debug|Any CPU
		{6CBE4F88-1455-A5DF-5FAF-417A6C99345F}.Debug|Any CPU.Build.0 = Debug|Any CPU
		{6CBE4F88-1455-A5DF-5FAF-417A6C99345F}.Release|Any CPU.ActiveCfg = Release|Any CPU
		{6CBE4F88-1455-A5DF-5FAF-417A6C99345F}.Release|Any CPU.Build.0 = Release|Any CPU
		{7822DAA1-DA44-CCB8-902C-1AF8798E0C2C}.Debug|Any CPU.ActiveCfg = Debug|Any CPU
		{7822DAA1-DA44-CCB8-902C-1AF8798E0C2C}.Debug|Any CPU.Build.0 = Debug|Any CPU
		{7822DAA1-DA44-CCB8-902C-1AF8798E0C2C}.Release|Any CPU.ActiveCfg = Release|Any CPU
		{7822DAA1-DA44-CCB8-902C-1AF8798E0C2C}.Release|Any CPU.Build.0 = Release|Any CPU
		{02180DC2-6A21-3BA5-7A5D-697865F6C83E}.Debug|Any CPU.ActiveCfg = Debug|Any CPU
		{02180DC2-6A21-3BA5-7A5D-697865F6C83E}.Debug|Any CPU.Build.0 = Debug|Any CPU
		{02180DC2-6A21-3BA5-7A5D-697865F6C83E}.Release|Any CPU.ActiveCfg = Release|Any CPU
		{02180DC2-6A21-3BA5-7A5D-697865F6C83E}.Release|Any CPU.Build.0 = Release|Any CPU
		{F71A73CF-EA1A-0E83-CA32-A150DBFD29B3}.Debug|Any CPU.ActiveCfg = Debug|Any CPU
		{F71A73CF-EA1A-0E83-CA32-A150DBFD29B3}.Debug|Any CPU.Build.0 = Debug|Any CPU
		{F71A73CF-EA1A-0E83-CA32-A150DBFD29B3}.Release|Any CPU.ActiveCfg = Release|Any CPU
		{F71A73CF-EA1A-0E83-CA32-A150DBFD29B3}.Release|Any CPU.Build.0 = Release|Any CPU
		{616E42EA-975E-0D5D-B0E3-81B1DAF4639A}.Debug|Any CPU.ActiveCfg = Debug|Any CPU
		{616E42EA-975E-0D5D-B0E3-81B1DAF4639A}.Debug|Any CPU.Build.0 = Debug|Any CPU
		{616E42EA-975E-0D5D-B0E3-81B1DAF4639A}.Release|Any CPU.ActiveCfg = Release|Any CPU
		{616E42EA-975E-0D5D-B0E3-81B1DAF4639A}.Release|Any CPU.Build.0 = Release|Any CPU
		{62B0A9BA-8EF3-B910-7678-D7CFCA442DCC}.Debug|Any CPU.ActiveCfg = Debug|Any CPU
		{62B0A9BA-8EF3-B910-7678-D7CFCA442DCC}.Debug|Any CPU.Build.0 = Debug|Any CPU
		{62B0A9BA-8EF3-B910-7678-D7CFCA442DCC}.Release|Any CPU.ActiveCfg = Release|Any CPU
		{62B0A9BA-8EF3-B910-7678-D7CFCA442DCC}.Release|Any CPU.Build.0 = Release|Any CPU
		{2A9239D8-E6F2-8078-F451-80A10520C325}.Debug|Any CPU.ActiveCfg = Debug|Any CPU
		{2A9239D8-E6F2-8078-F451-80A10520C325}.Debug|Any CPU.Build.0 = Debug|Any CPU
		{2A9239D8-E6F2-8078-F451-80A10520C325}.Release|Any CPU.ActiveCfg = Release|Any CPU
		{2A9239D8-E6F2-8078-F451-80A10520C325}.Release|Any CPU.Build.0 = Release|Any CPU
		{65B79B6F-C561-E134-A46F-E7F910EF4039}.Debug|Any CPU.ActiveCfg = Debug|Any CPU
		{65B79B6F-C561-E134-A46F-E7F910EF4039}.Debug|Any CPU.Build.0 = Debug|Any CPU
		{65B79B6F-C561-E134-A46F-E7F910EF4039}.Release|Any CPU.ActiveCfg = Release|Any CPU
		{65B79B6F-C561-E134-A46F-E7F910EF4039}.Release|Any CPU.Build.0 = Release|Any CPU
		{3335DB1C-F23D-5D0D-F244-C7ECF990E58D}.Debug|Any CPU.ActiveCfg = Debug|Any CPU
		{3335DB1C-F23D-5D0D-F244-C7ECF990E58D}.Debug|Any CPU.Build.0 = Debug|Any CPU
		{3335DB1C-F23D-5D0D-F244-C7ECF990E58D}.Release|Any CPU.ActiveCfg = Release|Any CPU
		{3335DB1C-F23D-5D0D-F244-C7ECF990E58D}.Release|Any CPU.Build.0 = Release|Any CPU
		{6BD295DB-3E17-BB28-EACA-2AB6CA4BD369}.Debug|Any CPU.ActiveCfg = Debug|Any CPU
		{6BD295DB-3E17-BB28-EACA-2AB6CA4BD369}.Debug|Any CPU.Build.0 = Debug|Any CPU
		{6BD295DB-3E17-BB28-EACA-2AB6CA4BD369}.Release|Any CPU.ActiveCfg = Release|Any CPU
		{6BD295DB-3E17-BB28-EACA-2AB6CA4BD369}.Release|Any CPU.Build.0 = Release|Any CPU
		{91AF9607-EB02-B890-672B-349721F48284}.Debug|Any CPU.ActiveCfg = Debug|Any CPU
		{91AF9607-EB02-B890-672B-349721F48284}.Debug|Any CPU.Build.0 = Debug|Any CPU
		{91AF9607-EB02-B890-672B-349721F48284}.Release|Any CPU.ActiveCfg = Release|Any CPU
		{91AF9607-EB02-B890-672B-349721F48284}.Release|Any CPU.Build.0 = Release|Any CPU
		{E6F190E7-B675-6E01-F209-BD476091BC92}.Debug|Any CPU.ActiveCfg = Debug|Any CPU
		{E6F190E7-B675-6E01-F209-BD476091BC92}.Debug|Any CPU.Build.0 = Debug|Any CPU
		{E6F190E7-B675-6E01-F209-BD476091BC92}.Release|Any CPU.ActiveCfg = Release|Any CPU
		{E6F190E7-B675-6E01-F209-BD476091BC92}.Release|Any CPU.Build.0 = Release|Any CPU
	EndGlobalSection
	GlobalSection(SolutionProperties) = preSolution
		HideSolutionNode = FALSE
	EndGlobalSection
	GlobalSection(ExtensibilityGlobals) = postSolution
		SolutionGuid = {F575C478-3138-4CB9-9845-8F056D0DD009}
	EndGlobalSection
EndGlobal
